// !$*UTF8*$!
{
	archiveVersion = 1;
	classes = {
	};
	objectVersion = 46;
	objects = {

/* Begin PBXBuildFile section */
		F707C433161EC02C00F76C4B /* UIKit.framework in Frameworks */ = {isa = PBXBuildFile; fileRef = F707C432161EC02C00F76C4B /* UIKit.framework */; };
		F707C435161EC02C00F76C4B /* Foundation.framework in Frameworks */ = {isa = PBXBuildFile; fileRef = F707C434161EC02C00F76C4B /* Foundation.framework */; };
		F707C437161EC02C00F76C4B /* CoreGraphics.framework in Frameworks */ = {isa = PBXBuildFile; fileRef = F707C436161EC02C00F76C4B /* CoreGraphics.framework */; };
		F707C43D161EC02C00F76C4B /* InfoPlist.strings in Resources */ = {isa = PBXBuildFile; fileRef = F707C43B161EC02C00F76C4B /* InfoPlist.strings */; };
		F707C43F161EC02C00F76C4B /* main.m in Sources */ = {isa = PBXBuildFile; fileRef = F707C43E161EC02C00F76C4B /* main.m */; };
		F707C443161EC02C00F76C4B /* SAMAppDelegate.m in Sources */ = {isa = PBXBuildFile; fileRef = F707C442161EC02C00F76C4B /* SAMAppDelegate.m */; };
		F707C457161EC9A400F76C4B /* AppIcon.png in Resources */ = {isa = PBXBuildFile; fileRef = F707C456161EC9A400F76C4B /* AppIcon.png */; };
		F707C459161EC9AF00F76C4B /* AppIcon@2x.png in Resources */ = {isa = PBXBuildFile; fileRef = F707C458161EC9AF00F76C4B /* AppIcon@2x.png */; };
		F707C602161EE36400F76C4B /* MyInfoViewController.m in Sources */ = {isa = PBXBuildFile; fileRef = F707C600161EE36400F76C4B /* MyInfoViewController.m */; };
		F707C606161EE66600F76C4B /* chat.png in Resources */ = {isa = PBXBuildFile; fileRef = F707C604161EE63700F76C4B /* chat.png */; };
		F707C607161EE66600F76C4B /* gear.png in Resources */ = {isa = PBXBuildFile; fileRef = F707C605161EE64500F76C4B /* gear.png */; };
		F707C60B161EE70F00F76C4B /* FeelingViewController.m in Sources */ = {isa = PBXBuildFile; fileRef = F707C609161EE70F00F76C4B /* FeelingViewController.m */; };
		F7668F7916200F000052764B /* 01-refresh.png in Resources */ = {isa = PBXBuildFile; fileRef = F7668F7316200F000052764B /* 01-refresh.png */; };
		F7668F7A16200F000052764B /* 25-weather.png in Resources */ = {isa = PBXBuildFile; fileRef = F7668F7416200F000052764B /* 25-weather.png */; };
		F7668F7B16200F000052764B /* heart.png in Resources */ = {isa = PBXBuildFile; fileRef = F7668F7516200F000052764B /* heart.png */; };
		F7668F7C16200F000052764B /* 42-photos.png in Resources */ = {isa = PBXBuildFile; fileRef = F7668F7616200F000052764B /* 42-photos.png */; };
		F7668F7D16200F000052764B /* 74-location.png in Resources */ = {isa = PBXBuildFile; fileRef = F7668F7716200F000052764B /* 74-location.png */; };
		F7668F7E16200F000052764B /* 193-location-arrow.png in Resources */ = {isa = PBXBuildFile; fileRef = F7668F7816200F000052764B /* 193-location-arrow.png */; };
		F7668F83162013DB0052764B /* MyInfoViewController.xib in Resources */ = {isa = PBXBuildFile; fileRef = F7668F81162013DB0052764B /* MyInfoViewController.xib */; };
		F77CDA7A1627BBE9006A531C /* FeelingStatusViewController.xib in Resources */ = {isa = PBXBuildFile; fileRef = F77CDA791627BBE9006A531C /* FeelingStatusViewController.xib */; };
		F77CDA7E1627BDD4006A531C /* ContactGroupViewController.m in Sources */ = {isa = PBXBuildFile; fileRef = F77CDA7C1627BDD4006A531C /* ContactGroupViewController.m */; };
		F77CDA821627BF87006A531C /* ContactGroup.m in Sources */ = {isa = PBXBuildFile; fileRef = F77CDA811627BF87006A531C /* ContactGroup.m */; };
		F77CDA961627D5F6006A531C /* TouchFeelingViewController.m in Sources */ = {isa = PBXBuildFile; fileRef = F77CDA941627D5F5006A531C /* TouchFeelingViewController.m */; };
		F77CDA991627F357006A531C /* bg-touch.png in Resources */ = {isa = PBXBuildFile; fileRef = F77CDA981627F357006A531C /* bg-touch.png */; };
		F77CDAA516280565006A531C /* SignUpViewController.m in Sources */ = {isa = PBXBuildFile; fileRef = F77CDAA316280564006A531C /* SignUpViewController.m */; };
		F780165C1627AD6C00C27351 /* BPXLUUIDHandler.m in Sources */ = {isa = PBXBuildFile; fileRef = F780165B1627AD6C00C27351 /* BPXLUUIDHandler.m */; };
		F780165F1627B01700C27351 /* profile-pic.png in Resources */ = {isa = PBXBuildFile; fileRef = F780165E1627B01700C27351 /* profile-pic.png */; };
		F78C641E162BE54C0072743C /* ContactGroupViewController.xib in Resources */ = {isa = PBXBuildFile; fileRef = F78C641B162BE54C0072743C /* ContactGroupViewController.xib */; };
		F78C641F162BE54C0072743C /* SignUpViewController.xib in Resources */ = {isa = PBXBuildFile; fileRef = F78C641C162BE54C0072743C /* SignUpViewController.xib */; };
		F78C6420162BE54C0072743C /* TouchFeelingViewController.xib in Resources */ = {isa = PBXBuildFile; fileRef = F78C641D162BE54C0072743C /* TouchFeelingViewController.xib */; };
		F78C6423162BE7E00072743C /* ContactGroupTableViewCell.xib in Resources */ = {isa = PBXBuildFile; fileRef = F78C6422162BE7E00072743C /* ContactGroupTableViewCell.xib */; };
		F78C6426162BEE090072743C /* arrow-right.png in Resources */ = {isa = PBXBuildFile; fileRef = F78C6424162BEE090072743C /* arrow-right.png */; };
		F78C6427162BEE090072743C /* group.png in Resources */ = {isa = PBXBuildFile; fileRef = F78C6425162BEE090072743C /* group.png */; };
		F78C642A162C16800072743C /* Localizable.strings in Resources */ = {isa = PBXBuildFile; fileRef = F78C642C162C16800072743C /* Localizable.strings */; };
		F79869C9162530E00032C0EB /* MyCommon.m in Sources */ = {isa = PBXBuildFile; fileRef = F79869C8162530E00032C0EB /* MyCommon.m */; };
		F7AE121B1624764300D7EBB5 /* FeelingStatus.m in Sources */ = {isa = PBXBuildFile; fileRef = F7AE121A1624764200D7EBB5 /* FeelingStatus.m */; };
		F7AE12341624827D00D7EBB5 /* FeelingStatusViewController.m in Sources */ = {isa = PBXBuildFile; fileRef = F7AE12321624827C00D7EBB5 /* FeelingStatusViewController.m */; };
		F7B2FA64162BA79D00900CD0 /* SoundEffectHelper.m in Sources */ = {isa = PBXBuildFile; fileRef = F7B2FA63162BA79D00900CD0 /* SoundEffectHelper.m */; };
		F7B2FA67162BA8DF00900CD0 /* AudioToolbox.framework in Frameworks */ = {isa = PBXBuildFile; fileRef = F7B2FA66162BA8DF00900CD0 /* AudioToolbox.framework */; };
		F7B2FA69162BA8E300900CD0 /* AVFoundation.framework in Frameworks */ = {isa = PBXBuildFile; fileRef = F7B2FA68162BA8E300900CD0 /* AVFoundation.framework */; };
		F7B2FA6D162BC5E100900CD0 /* EGORefreshTableHeaderView.m in Sources */ = {isa = PBXBuildFile; fileRef = F7B2FA6C162BC5E100900CD0 /* EGORefreshTableHeaderView.m */; settings = {COMPILER_FLAGS = "-fno-objc-arc"; }; };
		F7B2FA74162BC61300900CD0 /* blackArrow.png in Resources */ = {isa = PBXBuildFile; fileRef = F7B2FA6E162BC61300900CD0 /* blackArrow.png */; };
		F7B2FA75162BC61300900CD0 /* blackArrow@2x.png in Resources */ = {isa = PBXBuildFile; fileRef = F7B2FA6F162BC61300900CD0 /* blackArrow@2x.png */; };
		F7B2FA76162BC61300900CD0 /* blueArrow.png in Resources */ = {isa = PBXBuildFile; fileRef = F7B2FA70162BC61300900CD0 /* blueArrow.png */; };
		F7B2FA77162BC61300900CD0 /* blueArrow@2x.png in Resources */ = {isa = PBXBuildFile; fileRef = F7B2FA71162BC61300900CD0 /* blueArrow@2x.png */; };
		F7B2FA78162BC61300900CD0 /* grayArrow.png in Resources */ = {isa = PBXBuildFile; fileRef = F7B2FA72162BC61300900CD0 /* grayArrow.png */; };
		F7B2FA79162BC61300900CD0 /* grayArrow@2x.png in Resources */ = {isa = PBXBuildFile; fileRef = F7B2FA73162BC61300900CD0 /* grayArrow@2x.png */; };
		F7B2FA7C162BC64700900CD0 /* whiteArrow.png in Resources */ = {isa = PBXBuildFile; fileRef = F7B2FA7A162BC64700900CD0 /* whiteArrow.png */; };
		F7B2FA7D162BC64700900CD0 /* whiteArrow@2x.png in Resources */ = {isa = PBXBuildFile; fileRef = F7B2FA7B162BC64700900CD0 /* whiteArrow@2x.png */; };
		F7B2FA83162BCC0E00900CD0 /* QuartzCore.framework in Frameworks */ = {isa = PBXBuildFile; fileRef = F7B2FA82162BCC0E00900CD0 /* QuartzCore.framework */; };
		F7B928DA1623D03600944127 /* FeelingTableViewCell.m in Sources */ = {isa = PBXBuildFile; fileRef = F7B928D91623D03600944127 /* FeelingTableViewCell.m */; };
		F7B928DE1623D1C100944127 /* Feeling.m in Sources */ = {isa = PBXBuildFile; fileRef = F7B928DD1623D1C100944127 /* Feeling.m */; };
		F7B928FD16242E4500944127 /* ShowFeelingViewController.m in Sources */ = {isa = PBXBuildFile; fileRef = F7B928FB16242E4500944127 /* ShowFeelingViewController.m */; };
		F7B9290016242ED000944127 /* ShowFeelingViewController.xib in Resources */ = {isa = PBXBuildFile; fileRef = F7B928FF16242ED000944127 /* ShowFeelingViewController.xib */; };
		F7B9F9391625D0DF0016CB08 /* FeelingViewController.xib in Resources */ = {isa = PBXBuildFile; fileRef = F7B9F9381625D0DF0016CB08 /* FeelingViewController.xib */; };
		F7BDF7181622717600436A21 /* BubbleLefthand.png in Resources */ = {isa = PBXBuildFile; fileRef = F7BDF7161622717600436A21 /* BubbleLefthand.png */; };
		F7BDF7191622717600436A21 /* BubbleRighthand.png in Resources */ = {isa = PBXBuildFile; fileRef = F7BDF7171622717600436A21 /* BubbleRighthand.png */; };
		F7BDF7211622728900436A21 /* green.png in Resources */ = {isa = PBXBuildFile; fileRef = F7BDF71F1622728800436A21 /* green.png */; };
		F7BDF7221622728900436A21 /* grey.png in Resources */ = {isa = PBXBuildFile; fileRef = F7BDF7201622728800436A21 /* grey.png */; };
		F7BDF726162274B800436A21 /* LoginViewController.m in Sources */ = {isa = PBXBuildFile; fileRef = F7BDF724162274B800436A21 /* LoginViewController.m */; };
		F7BDF72916227C2400436A21 /* LoginViewController.xib in Resources */ = {isa = PBXBuildFile; fileRef = F7BDF72816227C2400436A21 /* LoginViewController.xib */; };
		F7BDF72D162292CD00436A21 /* DataModel.m in Sources */ = {isa = PBXBuildFile; fileRef = F7C6E3B31621E26C003DE8B2 /* DataModel.m */; };
		F7C6E3C11621E26C003DE8B2 /* SystemConfiguration.framework in Frameworks */ = {isa = PBXBuildFile; fileRef = F7C6E3C01621E26C003DE8B2 /* SystemConfiguration.framework */; };
		F7C6E3C71621E26C003DE8B2 /* MobileCoreServices.framework in Frameworks */ = {isa = PBXBuildFile; fileRef = F7C6E3C61621E26C003DE8B2 /* MobileCoreServices.framework */; };
		F7C6E3D21621E26C003DE8B2 /* CoreLocation.framework in Frameworks */ = {isa = PBXBuildFile; fileRef = F7C6E3D11621E26C003DE8B2 /* CoreLocation.framework */; };
		F7C6E3D81621E26C003DE8B2 /* Security.framework in Frameworks */ = {isa = PBXBuildFile; fileRef = F7C6E3D71621E26C003DE8B2 /* Security.framework */; };
		F7C6E4121621E26C003DE8B2 /* AFHTTPClient.m in Sources */ = {isa = PBXBuildFile; fileRef = F7C6E3FD1621E26C003DE8B2 /* AFHTTPClient.m */; };
		F7C6E4131621E26C003DE8B2 /* AFHTTPRequestOperation.m in Sources */ = {isa = PBXBuildFile; fileRef = F7C6E3FF1621E26C003DE8B2 /* AFHTTPRequestOperation.m */; };
		F7C6E4141621E26C003DE8B2 /* AFImageRequestOperation.m in Sources */ = {isa = PBXBuildFile; fileRef = F7C6E4011621E26C003DE8B2 /* AFImageRequestOperation.m */; };
		F7C6E4151621E26C003DE8B2 /* AFJSONRequestOperation.m in Sources */ = {isa = PBXBuildFile; fileRef = F7C6E4031621E26C003DE8B2 /* AFJSONRequestOperation.m */; };
		F7C6E4161621E26C003DE8B2 /* AFNetworkActivityIndicatorManager.m in Sources */ = {isa = PBXBuildFile; fileRef = F7C6E4051621E26C003DE8B2 /* AFNetworkActivityIndicatorManager.m */; };
		F7C6E4171621E26C003DE8B2 /* AFPropertyListRequestOperation.m in Sources */ = {isa = PBXBuildFile; fileRef = F7C6E4081621E26C003DE8B2 /* AFPropertyListRequestOperation.m */; };
		F7C6E4181621E26C003DE8B2 /* AFURLConnectionOperation.m in Sources */ = {isa = PBXBuildFile; fileRef = F7C6E40A1621E26C003DE8B2 /* AFURLConnectionOperation.m */; };
		F7C6E4191621E26C003DE8B2 /* AFXMLRequestOperation.m in Sources */ = {isa = PBXBuildFile; fileRef = F7C6E40C1621E26C003DE8B2 /* AFXMLRequestOperation.m */; };
		F7C6E41A1621E26C003DE8B2 /* UIImageView+AFNetworking.m in Sources */ = {isa = PBXBuildFile; fileRef = F7C6E40E1621E26C003DE8B2 /* UIImageView+AFNetworking.m */; };
		F7C6E41B1621E26C003DE8B2 /* MBProgressHUD.m in Sources */ = {isa = PBXBuildFile; fileRef = F7C6E4111621E26C003DE8B2 /* MBProgressHUD.m */; };
/* End PBXBuildFile section */

/* Begin PBXBuildRule section */
		F7BDF7301622933000436A21 /* PBXBuildRule */ = {
			isa = PBXBuildRule;
			compilerSpec = com.apple.compilers.proxy.script;
			fileType = pattern.proxy;
			isEditable = 1;
			outputFiles = (
			);
		};
/* End PBXBuildRule section */

/* Begin PBXFileReference section */
		F707C42E161EC02C00F76C4B /* WhatsFeeling.app */ = {isa = PBXFileReference; explicitFileType = wrapper.application; includeInIndex = 0; path = WhatsFeeling.app; sourceTree = BUILT_PRODUCTS_DIR; };
		F707C432161EC02C00F76C4B /* UIKit.framework */ = {isa = PBXFileReference; lastKnownFileType = wrapper.framework; name = UIKit.framework; path = System/Library/Frameworks/UIKit.framework; sourceTree = SDKROOT; };
		F707C434161EC02C00F76C4B /* Foundation.framework */ = {isa = PBXFileReference; lastKnownFileType = wrapper.framework; name = Foundation.framework; path = System/Library/Frameworks/Foundation.framework; sourceTree = SDKROOT; };
		F707C436161EC02C00F76C4B /* CoreGraphics.framework */ = {isa = PBXFileReference; lastKnownFileType = wrapper.framework; name = CoreGraphics.framework; path = System/Library/Frameworks/CoreGraphics.framework; sourceTree = SDKROOT; };
		F707C43A161EC02C00F76C4B /* WhatsFeeling-Info.plist */ = {isa = PBXFileReference; lastKnownFileType = text.plist.xml; path = "WhatsFeeling-Info.plist"; sourceTree = "<group>"; };
		F707C43C161EC02C00F76C4B /* en */ = {isa = PBXFileReference; lastKnownFileType = text.plist.strings; name = en; path = en.lproj/InfoPlist.strings; sourceTree = "<group>"; };
		F707C43E161EC02C00F76C4B /* main.m */ = {isa = PBXFileReference; lastKnownFileType = sourcecode.c.objc; path = main.m; sourceTree = "<group>"; };
		F707C440161EC02C00F76C4B /* WhatsFeeling-Prefix.pch */ = {isa = PBXFileReference; lastKnownFileType = sourcecode.c.h; path = "WhatsFeeling-Prefix.pch"; sourceTree = "<group>"; };
		F707C441161EC02C00F76C4B /* SAMAppDelegate.h */ = {isa = PBXFileReference; lastKnownFileType = sourcecode.c.h; path = SAMAppDelegate.h; sourceTree = "<group>"; };
		F707C442161EC02C00F76C4B /* SAMAppDelegate.m */ = {isa = PBXFileReference; lastKnownFileType = sourcecode.c.objc; path = SAMAppDelegate.m; sourceTree = "<group>"; };
		F707C456161EC9A400F76C4B /* AppIcon.png */ = {isa = PBXFileReference; lastKnownFileType = image.png; path = AppIcon.png; sourceTree = "<group>"; };
		F707C458161EC9AF00F76C4B /* AppIcon@2x.png */ = {isa = PBXFileReference; lastKnownFileType = image.png; path = "AppIcon@2x.png"; sourceTree = "<group>"; };
		F707C5FF161EE36400F76C4B /* MyInfoViewController.h */ = {isa = PBXFileReference; fileEncoding = 4; lastKnownFileType = sourcecode.c.h; path = MyInfoViewController.h; sourceTree = "<group>"; };
		F707C600161EE36400F76C4B /* MyInfoViewController.m */ = {isa = PBXFileReference; fileEncoding = 4; lastKnownFileType = sourcecode.c.objc; path = MyInfoViewController.m; sourceTree = "<group>"; };
		F707C604161EE63700F76C4B /* chat.png */ = {isa = PBXFileReference; lastKnownFileType = image.png; path = chat.png; sourceTree = "<group>"; };
		F707C605161EE64500F76C4B /* gear.png */ = {isa = PBXFileReference; lastKnownFileType = image.png; path = gear.png; sourceTree = "<group>"; };
		F707C608161EE70E00F76C4B /* FeelingViewController.h */ = {isa = PBXFileReference; fileEncoding = 4; lastKnownFileType = sourcecode.c.h; path = FeelingViewController.h; sourceTree = "<group>"; };
		F707C609161EE70F00F76C4B /* FeelingViewController.m */ = {isa = PBXFileReference; fileEncoding = 4; lastKnownFileType = sourcecode.c.objc; path = FeelingViewController.m; sourceTree = "<group>"; };
		F7668F7316200F000052764B /* 01-refresh.png */ = {isa = PBXFileReference; lastKnownFileType = image.png; path = "01-refresh.png"; sourceTree = "<group>"; };
		F7668F7416200F000052764B /* 25-weather.png */ = {isa = PBXFileReference; lastKnownFileType = image.png; path = "25-weather.png"; sourceTree = "<group>"; };
		F7668F7516200F000052764B /* heart.png */ = {isa = PBXFileReference; lastKnownFileType = image.png; path = heart.png; sourceTree = "<group>"; };
		F7668F7616200F000052764B /* 42-photos.png */ = {isa = PBXFileReference; lastKnownFileType = image.png; path = "42-photos.png"; sourceTree = "<group>"; };
		F7668F7716200F000052764B /* 74-location.png */ = {isa = PBXFileReference; lastKnownFileType = image.png; path = "74-location.png"; sourceTree = "<group>"; };
		F7668F7816200F000052764B /* 193-location-arrow.png */ = {isa = PBXFileReference; lastKnownFileType = image.png; path = "193-location-arrow.png"; sourceTree = "<group>"; };
		F7668F81162013DB0052764B /* MyInfoViewController.xib */ = {isa = PBXFileReference; fileEncoding = 4; lastKnownFileType = file.xib; path = MyInfoViewController.xib; sourceTree = "<group>"; };
		F77CDA791627BBE9006A531C /* FeelingStatusViewController.xib */ = {isa = PBXFileReference; fileEncoding = 4; lastKnownFileType = file.xib; path = FeelingStatusViewController.xib; sourceTree = "<group>"; };
		F77CDA7B1627BDD4006A531C /* ContactGroupViewController.h */ = {isa = PBXFileReference; fileEncoding = 4; lastKnownFileType = sourcecode.c.h; path = ContactGroupViewController.h; sourceTree = "<group>"; };
		F77CDA7C1627BDD4006A531C /* ContactGroupViewController.m */ = {isa = PBXFileReference; fileEncoding = 4; lastKnownFileType = sourcecode.c.objc; path = ContactGroupViewController.m; sourceTree = "<group>"; };
		F77CDA801627BF87006A531C /* ContactGroup.h */ = {isa = PBXFileReference; fileEncoding = 4; lastKnownFileType = sourcecode.c.h; path = ContactGroup.h; sourceTree = "<group>"; };
		F77CDA811627BF87006A531C /* ContactGroup.m */ = {isa = PBXFileReference; fileEncoding = 4; lastKnownFileType = sourcecode.c.objc; path = ContactGroup.m; sourceTree = "<group>"; };
		F77CDA931627D5F5006A531C /* TouchFeelingViewController.h */ = {isa = PBXFileReference; fileEncoding = 4; lastKnownFileType = sourcecode.c.h; path = TouchFeelingViewController.h; sourceTree = "<group>"; };
		F77CDA941627D5F5006A531C /* TouchFeelingViewController.m */ = {isa = PBXFileReference; fileEncoding = 4; lastKnownFileType = sourcecode.c.objc; path = TouchFeelingViewController.m; sourceTree = "<group>"; };
		F77CDA981627F357006A531C /* bg-touch.png */ = {isa = PBXFileReference; lastKnownFileType = image.png; path = "bg-touch.png"; sourceTree = "<group>"; };
		F77CDAA216280564006A531C /* SignUpViewController.h */ = {isa = PBXFileReference; fileEncoding = 4; lastKnownFileType = sourcecode.c.h; path = SignUpViewController.h; sourceTree = "<group>"; };
		F77CDAA316280564006A531C /* SignUpViewController.m */ = {isa = PBXFileReference; fileEncoding = 4; lastKnownFileType = sourcecode.c.objc; path = SignUpViewController.m; sourceTree = "<group>"; };
		F780165A1627AD6C00C27351 /* BPXLUUIDHandler.h */ = {isa = PBXFileReference; fileEncoding = 4; lastKnownFileType = sourcecode.c.h; path = BPXLUUIDHandler.h; sourceTree = "<group>"; };
		F780165B1627AD6C00C27351 /* BPXLUUIDHandler.m */ = {isa = PBXFileReference; fileEncoding = 4; lastKnownFileType = sourcecode.c.objc; path = BPXLUUIDHandler.m; sourceTree = "<group>"; };
		F780165E1627B01700C27351 /* profile-pic.png */ = {isa = PBXFileReference; lastKnownFileType = image.png; path = "profile-pic.png"; sourceTree = "<group>"; };
		F78C641B162BE54C0072743C /* ContactGroupViewController.xib */ = {isa = PBXFileReference; fileEncoding = 4; lastKnownFileType = file.xib; path = ContactGroupViewController.xib; sourceTree = "<group>"; };
		F78C641C162BE54C0072743C /* SignUpViewController.xib */ = {isa = PBXFileReference; fileEncoding = 4; lastKnownFileType = file.xib; path = SignUpViewController.xib; sourceTree = "<group>"; };
		F78C641D162BE54C0072743C /* TouchFeelingViewController.xib */ = {isa = PBXFileReference; fileEncoding = 4; lastKnownFileType = file.xib; path = TouchFeelingViewController.xib; sourceTree = "<group>"; };
		F78C6422162BE7E00072743C /* ContactGroupTableViewCell.xib */ = {isa = PBXFileReference; fileEncoding = 4; lastKnownFileType = file.xib; path = ContactGroupTableViewCell.xib; sourceTree = "<group>"; };
		F78C6424162BEE090072743C /* arrow-right.png */ = {isa = PBXFileReference; lastKnownFileType = image.png; path = "arrow-right.png"; sourceTree = "<group>"; };
		F78C6425162BEE090072743C /* group.png */ = {isa = PBXFileReference; lastKnownFileType = image.png; path = group.png; sourceTree = "<group>"; };
		F78C642B162C16800072743C /* en */ = {isa = PBXFileReference; lastKnownFileType = text.plist.strings; name = en; path = en.lproj/Localizable.strings; sourceTree = "<group>"; };
		F78C642F162C17850072743C /* zh-Hant */ = {isa = PBXFileReference; lastKnownFileType = text.plist.strings; name = "zh-Hant"; path = "zh-Hant.lproj/Localizable.strings"; sourceTree = "<group>"; };
		F79869C5162516E90032C0EB /* zh-Hant */ = {isa = PBXFileReference; lastKnownFileType = text.plist.strings; name = "zh-Hant"; path = "zh-Hant.lproj/InfoPlist.strings"; sourceTree = "<group>"; };
		F79869C7162530E00032C0EB /* MyCommon.h */ = {isa = PBXFileReference; fileEncoding = 4; lastKnownFileType = sourcecode.c.h; path = MyCommon.h; sourceTree = "<group>"; };
		F79869C8162530E00032C0EB /* MyCommon.m */ = {isa = PBXFileReference; fileEncoding = 4; lastKnownFileType = sourcecode.c.objc; path = MyCommon.m; sourceTree = "<group>"; };
		F7AE12191624764200D7EBB5 /* FeelingStatus.h */ = {isa = PBXFileReference; fileEncoding = 4; lastKnownFileType = sourcecode.c.h; path = FeelingStatus.h; sourceTree = "<group>"; };
		F7AE121A1624764200D7EBB5 /* FeelingStatus.m */ = {isa = PBXFileReference; fileEncoding = 4; lastKnownFileType = sourcecode.c.objc; path = FeelingStatus.m; sourceTree = "<group>"; };
		F7AE12311624827C00D7EBB5 /* FeelingStatusViewController.h */ = {isa = PBXFileReference; fileEncoding = 4; lastKnownFileType = sourcecode.c.h; path = FeelingStatusViewController.h; sourceTree = "<group>"; };
		F7AE12321624827C00D7EBB5 /* FeelingStatusViewController.m */ = {isa = PBXFileReference; fileEncoding = 4; lastKnownFileType = sourcecode.c.objc; path = FeelingStatusViewController.m; sourceTree = "<group>"; };
		F7B2FA62162BA79D00900CD0 /* SoundEffectHelper.h */ = {isa = PBXFileReference; fileEncoding = 4; lastKnownFileType = sourcecode.c.h; path = SoundEffectHelper.h; sourceTree = "<group>"; };
		F7B2FA63162BA79D00900CD0 /* SoundEffectHelper.m */ = {isa = PBXFileReference; fileEncoding = 4; lastKnownFileType = sourcecode.c.objc; path = SoundEffectHelper.m; sourceTree = "<group>"; };
		F7B2FA66162BA8DF00900CD0 /* AudioToolbox.framework */ = {isa = PBXFileReference; lastKnownFileType = wrapper.framework; name = AudioToolbox.framework; path = Platforms/iPhoneOS.platform/Developer/SDKs/iPhoneOS5.1.sdk/System/Library/Frameworks/AudioToolbox.framework; sourceTree = DEVELOPER_DIR; };
		F7B2FA68162BA8E300900CD0 /* AVFoundation.framework */ = {isa = PBXFileReference; lastKnownFileType = wrapper.framework; name = AVFoundation.framework; path = Platforms/iPhoneOS.platform/Developer/SDKs/iPhoneOS5.1.sdk/System/Library/Frameworks/AVFoundation.framework; sourceTree = DEVELOPER_DIR; };
		F7B2FA6B162BC5E100900CD0 /* EGORefreshTableHeaderView.h */ = {isa = PBXFileReference; fileEncoding = 4; lastKnownFileType = sourcecode.c.h; path = EGORefreshTableHeaderView.h; sourceTree = "<group>"; };
		F7B2FA6C162BC5E100900CD0 /* EGORefreshTableHeaderView.m */ = {isa = PBXFileReference; fileEncoding = 4; lastKnownFileType = sourcecode.c.objc; path = EGORefreshTableHeaderView.m; sourceTree = "<group>"; };
		F7B2FA6E162BC61300900CD0 /* blackArrow.png */ = {isa = PBXFileReference; lastKnownFileType = image.png; path = blackArrow.png; sourceTree = "<group>"; };
		F7B2FA6F162BC61300900CD0 /* blackArrow@2x.png */ = {isa = PBXFileReference; lastKnownFileType = image.png; path = "blackArrow@2x.png"; sourceTree = "<group>"; };
		F7B2FA70162BC61300900CD0 /* blueArrow.png */ = {isa = PBXFileReference; lastKnownFileType = image.png; path = blueArrow.png; sourceTree = "<group>"; };
		F7B2FA71162BC61300900CD0 /* blueArrow@2x.png */ = {isa = PBXFileReference; lastKnownFileType = image.png; path = "blueArrow@2x.png"; sourceTree = "<group>"; };
		F7B2FA72162BC61300900CD0 /* grayArrow.png */ = {isa = PBXFileReference; lastKnownFileType = image.png; path = grayArrow.png; sourceTree = "<group>"; };
		F7B2FA73162BC61300900CD0 /* grayArrow@2x.png */ = {isa = PBXFileReference; lastKnownFileType = image.png; path = "grayArrow@2x.png"; sourceTree = "<group>"; };
		F7B2FA7A162BC64700900CD0 /* whiteArrow.png */ = {isa = PBXFileReference; lastKnownFileType = image.png; path = whiteArrow.png; sourceTree = "<group>"; };
		F7B2FA7B162BC64700900CD0 /* whiteArrow@2x.png */ = {isa = PBXFileReference; lastKnownFileType = image.png; path = "whiteArrow@2x.png"; sourceTree = "<group>"; };
		F7B2FA82162BCC0E00900CD0 /* QuartzCore.framework */ = {isa = PBXFileReference; lastKnownFileType = wrapper.framework; name = QuartzCore.framework; path = Platforms/iPhoneOS.platform/Developer/SDKs/iPhoneOS5.1.sdk/System/Library/Frameworks/QuartzCore.framework; sourceTree = DEVELOPER_DIR; };
		F7B928D81623D03500944127 /* FeelingTableViewCell.h */ = {isa = PBXFileReference; fileEncoding = 4; lastKnownFileType = sourcecode.c.h; path = FeelingTableViewCell.h; sourceTree = "<group>"; };
		F7B928D91623D03600944127 /* FeelingTableViewCell.m */ = {isa = PBXFileReference; fileEncoding = 4; lastKnownFileType = sourcecode.c.objc; path = FeelingTableViewCell.m; sourceTree = "<group>"; };
		F7B928DC1623D1C100944127 /* Feeling.h */ = {isa = PBXFileReference; fileEncoding = 4; lastKnownFileType = sourcecode.c.h; path = Feeling.h; sourceTree = "<group>"; };
		F7B928DD1623D1C100944127 /* Feeling.m */ = {isa = PBXFileReference; fileEncoding = 4; lastKnownFileType = sourcecode.c.objc; path = Feeling.m; sourceTree = "<group>"; };
		F7B928FA16242E4500944127 /* ShowFeelingViewController.h */ = {isa = PBXFileReference; fileEncoding = 4; lastKnownFileType = sourcecode.c.h; path = ShowFeelingViewController.h; sourceTree = "<group>"; };
		F7B928FB16242E4500944127 /* ShowFeelingViewController.m */ = {isa = PBXFileReference; fileEncoding = 4; lastKnownFileType = sourcecode.c.objc; path = ShowFeelingViewController.m; sourceTree = "<group>"; };
		F7B928FF16242ED000944127 /* ShowFeelingViewController.xib */ = {isa = PBXFileReference; fileEncoding = 4; lastKnownFileType = file.xib; path = ShowFeelingViewController.xib; sourceTree = "<group>"; };
		F7B9F9311625C93B0016CB08 /* zh-Hans */ = {isa = PBXFileReference; lastKnownFileType = text.plist.strings; name = "zh-Hans"; path = "zh-Hans.lproj/InfoPlist.strings"; sourceTree = "<group>"; };
		F7B9F9381625D0DF0016CB08 /* FeelingViewController.xib */ = {isa = PBXFileReference; fileEncoding = 4; lastKnownFileType = file.xib; path = FeelingViewController.xib; sourceTree = "<group>"; };
		F7BDF7161622717600436A21 /* BubbleLefthand.png */ = {isa = PBXFileReference; lastKnownFileType = image.png; path = BubbleLefthand.png; sourceTree = "<group>"; };
		F7BDF7171622717600436A21 /* BubbleRighthand.png */ = {isa = PBXFileReference; lastKnownFileType = image.png; path = BubbleRighthand.png; sourceTree = "<group>"; };
		F7BDF71F1622728800436A21 /* green.png */ = {isa = PBXFileReference; lastKnownFileType = image.png; path = green.png; sourceTree = "<group>"; };
		F7BDF7201622728800436A21 /* grey.png */ = {isa = PBXFileReference; lastKnownFileType = image.png; path = grey.png; sourceTree = "<group>"; };
		F7BDF723162274B700436A21 /* LoginViewController.h */ = {isa = PBXFileReference; fileEncoding = 4; lastKnownFileType = sourcecode.c.h; path = LoginViewController.h; sourceTree = "<group>"; };
		F7BDF724162274B800436A21 /* LoginViewController.m */ = {isa = PBXFileReference; fileEncoding = 4; lastKnownFileType = sourcecode.c.objc; path = LoginViewController.m; sourceTree = "<group>"; };
		F7BDF72816227C2400436A21 /* LoginViewController.xib */ = {isa = PBXFileReference; fileEncoding = 4; lastKnownFileType = file.xib; path = LoginViewController.xib; sourceTree = "<group>"; };
		F7C6E3B21621E26C003DE8B2 /* DataModel.h */ = {isa = PBXFileReference; lastKnownFileType = sourcecode.c.h; path = DataModel.h; sourceTree = "<group>"; };
		F7C6E3B31621E26C003DE8B2 /* DataModel.m */ = {isa = PBXFileReference; lastKnownFileType = sourcecode.c.objc; path = DataModel.m; sourceTree = "<group>"; };
		F7C6E3BA1621E26C003DE8B2 /* SystemConfiguration.framework */ = {isa = PBXFileReference; lastKnownFileType = wrapper.framework; name = SystemConfiguration.framework; path = System/Library/Frameworks/SystemConfiguration.framework; sourceTree = SDKROOT; };
		F7C6E3BC1621E26C003DE8B2 /* MobileCoreServices.framework */ = {isa = PBXFileReference; lastKnownFileType = wrapper.framework; name = MobileCoreServices.framework; path = System/Library/Frameworks/MobileCoreServices.framework; sourceTree = SDKROOT; };
		F7C6E3BE1621E26C003DE8B2 /* CoreFoundation.framework */ = {isa = PBXFileReference; lastKnownFileType = wrapper.framework; name = CoreFoundation.framework; path = System/Library/Frameworks/CoreFoundation.framework; sourceTree = SDKROOT; };
		F7C6E3C01621E26C003DE8B2 /* SystemConfiguration.framework */ = {isa = PBXFileReference; lastKnownFileType = wrapper.framework; name = SystemConfiguration.framework; path = Platforms/iPhoneOS.platform/Developer/SDKs/iPhoneOS5.1.sdk/System/Library/Frameworks/SystemConfiguration.framework; sourceTree = DEVELOPER_DIR; };
		F7C6E3C61621E26C003DE8B2 /* MobileCoreServices.framework */ = {isa = PBXFileReference; lastKnownFileType = wrapper.framework; name = MobileCoreServices.framework; path = Platforms/iPhoneOS.platform/Developer/SDKs/iPhoneOS5.1.sdk/System/Library/Frameworks/MobileCoreServices.framework; sourceTree = DEVELOPER_DIR; };
		F7C6E3D11621E26C003DE8B2 /* CoreLocation.framework */ = {isa = PBXFileReference; lastKnownFileType = wrapper.framework; name = CoreLocation.framework; path = Platforms/iPhoneOS.platform/Developer/SDKs/iPhoneOS5.1.sdk/System/Library/Frameworks/CoreLocation.framework; sourceTree = DEVELOPER_DIR; };
		F7C6E3D71621E26C003DE8B2 /* Security.framework */ = {isa = PBXFileReference; lastKnownFileType = wrapper.framework; name = Security.framework; path = Platforms/iPhoneOS.platform/Developer/SDKs/iPhoneOS5.1.sdk/System/Library/Frameworks/Security.framework; sourceTree = DEVELOPER_DIR; };
		F7C6E3FC1621E26C003DE8B2 /* AFHTTPClient.h */ = {isa = PBXFileReference; fileEncoding = 4; lastKnownFileType = sourcecode.c.h; path = AFHTTPClient.h; sourceTree = "<group>"; };
		F7C6E3FD1621E26C003DE8B2 /* AFHTTPClient.m */ = {isa = PBXFileReference; fileEncoding = 4; lastKnownFileType = sourcecode.c.objc; path = AFHTTPClient.m; sourceTree = "<group>"; };
		F7C6E3FE1621E26C003DE8B2 /* AFHTTPRequestOperation.h */ = {isa = PBXFileReference; fileEncoding = 4; lastKnownFileType = sourcecode.c.h; path = AFHTTPRequestOperation.h; sourceTree = "<group>"; };
		F7C6E3FF1621E26C003DE8B2 /* AFHTTPRequestOperation.m */ = {isa = PBXFileReference; fileEncoding = 4; lastKnownFileType = sourcecode.c.objc; path = AFHTTPRequestOperation.m; sourceTree = "<group>"; };
		F7C6E4001621E26C003DE8B2 /* AFImageRequestOperation.h */ = {isa = PBXFileReference; fileEncoding = 4; lastKnownFileType = sourcecode.c.h; path = AFImageRequestOperation.h; sourceTree = "<group>"; };
		F7C6E4011621E26C003DE8B2 /* AFImageRequestOperation.m */ = {isa = PBXFileReference; fileEncoding = 4; lastKnownFileType = sourcecode.c.objc; path = AFImageRequestOperation.m; sourceTree = "<group>"; };
		F7C6E4021621E26C003DE8B2 /* AFJSONRequestOperation.h */ = {isa = PBXFileReference; fileEncoding = 4; lastKnownFileType = sourcecode.c.h; path = AFJSONRequestOperation.h; sourceTree = "<group>"; };
		F7C6E4031621E26C003DE8B2 /* AFJSONRequestOperation.m */ = {isa = PBXFileReference; fileEncoding = 4; lastKnownFileType = sourcecode.c.objc; path = AFJSONRequestOperation.m; sourceTree = "<group>"; };
		F7C6E4041621E26C003DE8B2 /* AFNetworkActivityIndicatorManager.h */ = {isa = PBXFileReference; fileEncoding = 4; lastKnownFileType = sourcecode.c.h; path = AFNetworkActivityIndicatorManager.h; sourceTree = "<group>"; };
		F7C6E4051621E26C003DE8B2 /* AFNetworkActivityIndicatorManager.m */ = {isa = PBXFileReference; fileEncoding = 4; lastKnownFileType = sourcecode.c.objc; path = AFNetworkActivityIndicatorManager.m; sourceTree = "<group>"; };
		F7C6E4061621E26C003DE8B2 /* AFNetworking.h */ = {isa = PBXFileReference; fileEncoding = 4; lastKnownFileType = sourcecode.c.h; path = AFNetworking.h; sourceTree = "<group>"; };
		F7C6E4071621E26C003DE8B2 /* AFPropertyListRequestOperation.h */ = {isa = PBXFileReference; fileEncoding = 4; lastKnownFileType = sourcecode.c.h; path = AFPropertyListRequestOperation.h; sourceTree = "<group>"; };
		F7C6E4081621E26C003DE8B2 /* AFPropertyListRequestOperation.m */ = {isa = PBXFileReference; fileEncoding = 4; lastKnownFileType = sourcecode.c.objc; path = AFPropertyListRequestOperation.m; sourceTree = "<group>"; };
		F7C6E4091621E26C003DE8B2 /* AFURLConnectionOperation.h */ = {isa = PBXFileReference; fileEncoding = 4; lastKnownFileType = sourcecode.c.h; path = AFURLConnectionOperation.h; sourceTree = "<group>"; };
		F7C6E40A1621E26C003DE8B2 /* AFURLConnectionOperation.m */ = {isa = PBXFileReference; fileEncoding = 4; lastKnownFileType = sourcecode.c.objc; path = AFURLConnectionOperation.m; sourceTree = "<group>"; };
		F7C6E40B1621E26C003DE8B2 /* AFXMLRequestOperation.h */ = {isa = PBXFileReference; fileEncoding = 4; lastKnownFileType = sourcecode.c.h; path = AFXMLRequestOperation.h; sourceTree = "<group>"; };
		F7C6E40C1621E26C003DE8B2 /* AFXMLRequestOperation.m */ = {isa = PBXFileReference; fileEncoding = 4; lastKnownFileType = sourcecode.c.objc; path = AFXMLRequestOperation.m; sourceTree = "<group>"; };
		F7C6E40D1621E26C003DE8B2 /* UIImageView+AFNetworking.h */ = {isa = PBXFileReference; fileEncoding = 4; lastKnownFileType = sourcecode.c.h; path = "UIImageView+AFNetworking.h"; sourceTree = "<group>"; };
		F7C6E40E1621E26C003DE8B2 /* UIImageView+AFNetworking.m */ = {isa = PBXFileReference; fileEncoding = 4; lastKnownFileType = sourcecode.c.objc; path = "UIImageView+AFNetworking.m"; sourceTree = "<group>"; };
		F7C6E4101621E26C003DE8B2 /* MBProgressHUD.h */ = {isa = PBXFileReference; fileEncoding = 4; lastKnownFileType = sourcecode.c.h; path = MBProgressHUD.h; sourceTree = "<group>"; };
		F7C6E4111621E26C003DE8B2 /* MBProgressHUD.m */ = {isa = PBXFileReference; fileEncoding = 4; lastKnownFileType = sourcecode.c.objc; path = MBProgressHUD.m; sourceTree = "<group>"; };
/* End PBXFileReference section */

/* Begin PBXFrameworksBuildPhase section */
		F707C42B161EC02C00F76C4B /* Frameworks */ = {
			isa = PBXFrameworksBuildPhase;
			buildActionMask = 2147483647;
			files = (
				F7B2FA83162BCC0E00900CD0 /* QuartzCore.framework in Frameworks */,
				F7B2FA69162BA8E300900CD0 /* AVFoundation.framework in Frameworks */,
				F7B2FA67162BA8DF00900CD0 /* AudioToolbox.framework in Frameworks */,
				F7C6E3D81621E26C003DE8B2 /* Security.framework in Frameworks */,
				F7C6E3D21621E26C003DE8B2 /* CoreLocation.framework in Frameworks */,
				F7C6E3C71621E26C003DE8B2 /* MobileCoreServices.framework in Frameworks */,
				F7C6E3C11621E26C003DE8B2 /* SystemConfiguration.framework in Frameworks */,
				F707C433161EC02C00F76C4B /* UIKit.framework in Frameworks */,
				F707C435161EC02C00F76C4B /* Foundation.framework in Frameworks */,
				F707C437161EC02C00F76C4B /* CoreGraphics.framework in Frameworks */,
			);
			runOnlyForDeploymentPostprocessing = 0;
		};
/* End PBXFrameworksBuildPhase section */

/* Begin PBXGroup section */
		F707C423161EC02C00F76C4B = {
			isa = PBXGroup;
			children = (
				F7B2FA82162BCC0E00900CD0 /* QuartzCore.framework */,
				F7B2FA68162BA8E300900CD0 /* AVFoundation.framework */,
				F7B2FA66162BA8DF00900CD0 /* AudioToolbox.framework */,
				F7C6E3FA1621E26C003DE8B2 /* Vendor */,
				F7C6E3D71621E26C003DE8B2 /* Security.framework */,
				F7C6E3D11621E26C003DE8B2 /* CoreLocation.framework */,
				F7C6E3C61621E26C003DE8B2 /* MobileCoreServices.framework */,
				F7C6E3C01621E26C003DE8B2 /* SystemConfiguration.framework */,
				F7C6E3BE1621E26C003DE8B2 /* CoreFoundation.framework */,
				F7C6E3BC1621E26C003DE8B2 /* MobileCoreServices.framework */,
				F7C6E3BA1621E26C003DE8B2 /* SystemConfiguration.framework */,
				F707C458161EC9AF00F76C4B /* AppIcon@2x.png */,
				F707C456161EC9A400F76C4B /* AppIcon.png */,
				F707C450161EC1A900F76C4B /* Images */,
				F707C451161EC1A900F76C4B /* Resources */,
				F707C438161EC02C00F76C4B /* WhatsFeeling */,
				F707C431161EC02C00F76C4B /* Frameworks */,
				F707C42F161EC02C00F76C4B /* Products */,
			);
			sourceTree = "<group>";
		};
		F707C42F161EC02C00F76C4B /* Products */ = {
			isa = PBXGroup;
			children = (
				F707C42E161EC02C00F76C4B /* WhatsFeeling.app */,
			);
			name = Products;
			sourceTree = "<group>";
		};
		F707C431161EC02C00F76C4B /* Frameworks */ = {
			isa = PBXGroup;
			children = (
				F707C432161EC02C00F76C4B /* UIKit.framework */,
				F707C434161EC02C00F76C4B /* Foundation.framework */,
				F707C436161EC02C00F76C4B /* CoreGraphics.framework */,
			);
			name = Frameworks;
			sourceTree = "<group>";
		};
		F707C438161EC02C00F76C4B /* WhatsFeeling */ = {
			isa = PBXGroup;
			children = (
				F7C6E3B21621E26C003DE8B2 /* DataModel.h */,
				F7C6E3B31621E26C003DE8B2 /* DataModel.m */,
				F707C441161EC02C00F76C4B /* SAMAppDelegate.h */,
				F707C442161EC02C00F76C4B /* SAMAppDelegate.m */,
				F707C439161EC02C00F76C4B /* Supporting Files */,
				F707C5FF161EE36400F76C4B /* MyInfoViewController.h */,
				F707C600161EE36400F76C4B /* MyInfoViewController.m */,
				F707C608161EE70E00F76C4B /* FeelingViewController.h */,
				F707C609161EE70F00F76C4B /* FeelingViewController.m */,
				F7BDF723162274B700436A21 /* LoginViewController.h */,
				F7BDF724162274B800436A21 /* LoginViewController.m */,
				F7B928D81623D03500944127 /* FeelingTableViewCell.h */,
				F7B928D91623D03600944127 /* FeelingTableViewCell.m */,
				F7B928DC1623D1C100944127 /* Feeling.h */,
				F7B928DD1623D1C100944127 /* Feeling.m */,
				F7B928FA16242E4500944127 /* ShowFeelingViewController.h */,
				F7B928FB16242E4500944127 /* ShowFeelingViewController.m */,
				F7AE12191624764200D7EBB5 /* FeelingStatus.h */,
				F7AE121A1624764200D7EBB5 /* FeelingStatus.m */,
				F7AE12311624827C00D7EBB5 /* FeelingStatusViewController.h */,
				F7AE12321624827C00D7EBB5 /* FeelingStatusViewController.m */,
				F79869C7162530E00032C0EB /* MyCommon.h */,
				F79869C8162530E00032C0EB /* MyCommon.m */,
				F77CDA7B1627BDD4006A531C /* ContactGroupViewController.h */,
				F77CDA7C1627BDD4006A531C /* ContactGroupViewController.m */,
				F77CDA801627BF87006A531C /* ContactGroup.h */,
				F77CDA811627BF87006A531C /* ContactGroup.m */,
				F77CDA931627D5F5006A531C /* TouchFeelingViewController.h */,
				F77CDA941627D5F5006A531C /* TouchFeelingViewController.m */,
				F77CDAA216280564006A531C /* SignUpViewController.h */,
				F77CDAA316280564006A531C /* SignUpViewController.m */,
				F7B2FA62162BA79D00900CD0 /* SoundEffectHelper.h */,
				F7B2FA63162BA79D00900CD0 /* SoundEffectHelper.m */,
			);
			path = WhatsFeeling;
			sourceTree = "<group>";
		};
		F707C439161EC02C00F76C4B /* Supporting Files */ = {
			isa = PBXGroup;
			children = (
				F707C43A161EC02C00F76C4B /* WhatsFeeling-Info.plist */,
				F707C43B161EC02C00F76C4B /* InfoPlist.strings */,
				F707C43E161EC02C00F76C4B /* main.m */,
				F707C440161EC02C00F76C4B /* WhatsFeeling-Prefix.pch */,
				F78C642C162C16800072743C /* Localizable.strings */,
			);
			name = "Supporting Files";
			sourceTree = "<group>";
		};
		F707C450161EC1A900F76C4B /* Images */ = {
			isa = PBXGroup;
			children = (
				F7B2FA7A162BC64700900CD0 /* whiteArrow.png */,
				F7B2FA7B162BC64700900CD0 /* whiteArrow@2x.png */,
				F7B2FA6E162BC61300900CD0 /* blackArrow.png */,
				F7B2FA6F162BC61300900CD0 /* blackArrow@2x.png */,
				F7B2FA70162BC61300900CD0 /* blueArrow.png */,
				F7B2FA71162BC61300900CD0 /* blueArrow@2x.png */,
				F7B2FA72162BC61300900CD0 /* grayArrow.png */,
				F7B2FA73162BC61300900CD0 /* grayArrow@2x.png */,
				F77CDA981627F357006A531C /* bg-touch.png */,
				F780165E1627B01700C27351 /* profile-pic.png */,
				F7BDF71F1622728800436A21 /* green.png */,
				F7BDF7201622728800436A21 /* grey.png */,
				F7BDF7161622717600436A21 /* BubbleLefthand.png */,
				F7BDF7171622717600436A21 /* BubbleRighthand.png */,
				F7668F7316200F000052764B /* 01-refresh.png */,
				F7668F7416200F000052764B /* 25-weather.png */,
				F7668F7516200F000052764B /* heart.png */,
				F7668F7616200F000052764B /* 42-photos.png */,
				F7668F7716200F000052764B /* 74-location.png */,
				F7668F7816200F000052764B /* 193-location-arrow.png */,
				F707C604161EE63700F76C4B /* chat.png */,
				F707C605161EE64500F76C4B /* gear.png */,
				F78C6424162BEE090072743C /* arrow-right.png */,
				F78C6425162BEE090072743C /* group.png */,
			);
			path = Images;
			sourceTree = "<group>";
		};
		F707C451161EC1A900F76C4B /* Resources */ = {
			isa = PBXGroup;
			children = (
				F77CDA791627BBE9006A531C /* FeelingStatusViewController.xib */,
				F78C641B162BE54C0072743C /* ContactGroupViewController.xib */,
				F78C641C162BE54C0072743C /* SignUpViewController.xib */,
				F78C641D162BE54C0072743C /* TouchFeelingViewController.xib */,
				F7B9F9381625D0DF0016CB08 /* FeelingViewController.xib */,
				F7B928FF16242ED000944127 /* ShowFeelingViewController.xib */,
				F7BDF72816227C2400436A21 /* LoginViewController.xib */,
				F7668F81162013DB0052764B /* MyInfoViewController.xib */,
				F78C6422162BE7E00072743C /* ContactGroupTableViewCell.xib */,
			);
			path = Resources;
			sourceTree = "<group>";
		};
		F78016591627AD6C00C27351 /* blackpixel */ = {
			isa = PBXGroup;
			children = (
				F780165A1627AD6C00C27351 /* BPXLUUIDHandler.h */,
				F780165B1627AD6C00C27351 /* BPXLUUIDHandler.m */,
			);
			path = blackpixel;
			sourceTree = "<group>";
		};
		F7B2FA6A162BC5E100900CD0 /* EGOTableViewPullRefresh */ = {
			isa = PBXGroup;
			children = (
				F7B2FA6B162BC5E100900CD0 /* EGORefreshTableHeaderView.h */,
				F7B2FA6C162BC5E100900CD0 /* EGORefreshTableHeaderView.m */,
			);
			path = EGOTableViewPullRefresh;
			sourceTree = "<group>";
		};
		F7C6E3FA1621E26C003DE8B2 /* Vendor */ = {
			isa = PBXGroup;
			children = (
				F7B2FA6A162BC5E100900CD0 /* EGOTableViewPullRefresh */,
				F78016591627AD6C00C27351 /* blackpixel */,
				F7C6E3FB1621E26C003DE8B2 /* AFNetworking */,
				F7C6E40F1621E26C003DE8B2 /* MBProgressHUD */,
			);
			path = Vendor;
			sourceTree = "<group>";
		};
		F7C6E3FB1621E26C003DE8B2 /* AFNetworking */ = {
			isa = PBXGroup;
			children = (
				F7C6E3FC1621E26C003DE8B2 /* AFHTTPClient.h */,
				F7C6E3FD1621E26C003DE8B2 /* AFHTTPClient.m */,
				F7C6E3FE1621E26C003DE8B2 /* AFHTTPRequestOperation.h */,
				F7C6E3FF1621E26C003DE8B2 /* AFHTTPRequestOperation.m */,
				F7C6E4001621E26C003DE8B2 /* AFImageRequestOperation.h */,
				F7C6E4011621E26C003DE8B2 /* AFImageRequestOperation.m */,
				F7C6E4021621E26C003DE8B2 /* AFJSONRequestOperation.h */,
				F7C6E4031621E26C003DE8B2 /* AFJSONRequestOperation.m */,
				F7C6E4041621E26C003DE8B2 /* AFNetworkActivityIndicatorManager.h */,
				F7C6E4051621E26C003DE8B2 /* AFNetworkActivityIndicatorManager.m */,
				F7C6E4061621E26C003DE8B2 /* AFNetworking.h */,
				F7C6E4071621E26C003DE8B2 /* AFPropertyListRequestOperation.h */,
				F7C6E4081621E26C003DE8B2 /* AFPropertyListRequestOperation.m */,
				F7C6E4091621E26C003DE8B2 /* AFURLConnectionOperation.h */,
				F7C6E40A1621E26C003DE8B2 /* AFURLConnectionOperation.m */,
				F7C6E40B1621E26C003DE8B2 /* AFXMLRequestOperation.h */,
				F7C6E40C1621E26C003DE8B2 /* AFXMLRequestOperation.m */,
				F7C6E40D1621E26C003DE8B2 /* UIImageView+AFNetworking.h */,
				F7C6E40E1621E26C003DE8B2 /* UIImageView+AFNetworking.m */,
			);
			path = AFNetworking;
			sourceTree = "<group>";
		};
		F7C6E40F1621E26C003DE8B2 /* MBProgressHUD */ = {
			isa = PBXGroup;
			children = (
				F7C6E4101621E26C003DE8B2 /* MBProgressHUD.h */,
				F7C6E4111621E26C003DE8B2 /* MBProgressHUD.m */,
			);
			path = MBProgressHUD;
			sourceTree = "<group>";
		};
/* End PBXGroup section */

/* Begin PBXNativeTarget section */
		F707C42D161EC02C00F76C4B /* WhatsFeeling */ = {
			isa = PBXNativeTarget;
			buildConfigurationList = F707C44C161EC02C00F76C4B /* Build configuration list for PBXNativeTarget "WhatsFeeling" */;
			buildPhases = (
				F707C42A161EC02C00F76C4B /* Sources */,
				F707C42B161EC02C00F76C4B /* Frameworks */,
				F707C42C161EC02C00F76C4B /* Resources */,
			);
			buildRules = (
				F7BDF7301622933000436A21 /* PBXBuildRule */,
			);
			dependencies = (
			);
			name = WhatsFeeling;
			productName = WhatsFeeling;
			productReference = F707C42E161EC02C00F76C4B /* WhatsFeeling.app */;
			productType = "com.apple.product-type.application";
		};
/* End PBXNativeTarget section */

/* Begin PBXProject section */
		F707C425161EC02C00F76C4B /* Project object */ = {
			isa = PBXProject;
			attributes = {
				CLASSPREFIX = SAM;
				LastUpgradeCheck = 0440;
				ORGANIZATIONNAME = "Nam Kin Lei";
			};
			buildConfigurationList = F707C428161EC02C00F76C4B /* Build configuration list for PBXProject "WhatsFeeling" */;
			compatibilityVersion = "Xcode 3.2";
			developmentRegion = English;
			hasScannedForEncodings = 0;
			knownRegions = (
				en,
				"zh-Hant",
				"zh-Hans",
			);
			mainGroup = F707C423161EC02C00F76C4B;
			productRefGroup = F707C42F161EC02C00F76C4B /* Products */;
			projectDirPath = "";
			projectRoot = "";
			targets = (
				F707C42D161EC02C00F76C4B /* WhatsFeeling */,
			);
		};
/* End PBXProject section */

/* Begin PBXResourcesBuildPhase section */
		F707C42C161EC02C00F76C4B /* Resources */ = {
			isa = PBXResourcesBuildPhase;
			buildActionMask = 2147483647;
			files = (
				F707C43D161EC02C00F76C4B /* InfoPlist.strings in Resources */,
				F707C457161EC9A400F76C4B /* AppIcon.png in Resources */,
				F707C459161EC9AF00F76C4B /* AppIcon@2x.png in Resources */,
				F707C606161EE66600F76C4B /* chat.png in Resources */,
				F707C607161EE66600F76C4B /* gear.png in Resources */,
				F7668F7916200F000052764B /* 01-refresh.png in Resources */,
				F7668F7A16200F000052764B /* 25-weather.png in Resources */,
				F7668F7B16200F000052764B /* heart.png in Resources */,
				F7668F7C16200F000052764B /* 42-photos.png in Resources */,
				F7668F7D16200F000052764B /* 74-location.png in Resources */,
				F7668F7E16200F000052764B /* 193-location-arrow.png in Resources */,
				F7668F83162013DB0052764B /* MyInfoViewController.xib in Resources */,
				F7BDF7181622717600436A21 /* BubbleLefthand.png in Resources */,
				F7BDF7191622717600436A21 /* BubbleRighthand.png in Resources */,
				F7BDF7211622728900436A21 /* green.png in Resources */,
				F7BDF7221622728900436A21 /* grey.png in Resources */,
				F7BDF72916227C2400436A21 /* LoginViewController.xib in Resources */,
				F7B9290016242ED000944127 /* ShowFeelingViewController.xib in Resources */,
				F7B9F9391625D0DF0016CB08 /* FeelingViewController.xib in Resources */,
				F780165F1627B01700C27351 /* profile-pic.png in Resources */,
				F77CDA7A1627BBE9006A531C /* FeelingStatusViewController.xib in Resources */,
				F77CDA991627F357006A531C /* bg-touch.png in Resources */,
				F7B2FA74162BC61300900CD0 /* blackArrow.png in Resources */,
				F7B2FA75162BC61300900CD0 /* blackArrow@2x.png in Resources */,
				F7B2FA76162BC61300900CD0 /* blueArrow.png in Resources */,
				F7B2FA77162BC61300900CD0 /* blueArrow@2x.png in Resources */,
				F7B2FA78162BC61300900CD0 /* grayArrow.png in Resources */,
				F7B2FA79162BC61300900CD0 /* grayArrow@2x.png in Resources */,
				F7B2FA7C162BC64700900CD0 /* whiteArrow.png in Resources */,
				F7B2FA7D162BC64700900CD0 /* whiteArrow@2x.png in Resources */,
				F78C641E162BE54C0072743C /* ContactGroupViewController.xib in Resources */,
				F78C641F162BE54C0072743C /* SignUpViewController.xib in Resources */,
				F78C6420162BE54C0072743C /* TouchFeelingViewController.xib in Resources */,
				F78C6423162BE7E00072743C /* ContactGroupTableViewCell.xib in Resources */,
				F78C6426162BEE090072743C /* arrow-right.png in Resources */,
				F78C6427162BEE090072743C /* group.png in Resources */,
				F78C642A162C16800072743C /* Localizable.strings in Resources */,
			);
			runOnlyForDeploymentPostprocessing = 0;
		};
/* End PBXResourcesBuildPhase section */

/* Begin PBXSourcesBuildPhase section */
		F707C42A161EC02C00F76C4B /* Sources */ = {
			isa = PBXSourcesBuildPhase;
			buildActionMask = 2147483647;
			files = (
				F7BDF72D162292CD00436A21 /* DataModel.m in Sources */,
				F707C43F161EC02C00F76C4B /* main.m in Sources */,
				F707C443161EC02C00F76C4B /* SAMAppDelegate.m in Sources */,
				F707C602161EE36400F76C4B /* MyInfoViewController.m in Sources */,
				F707C60B161EE70F00F76C4B /* FeelingViewController.m in Sources */,
				F7C6E4121621E26C003DE8B2 /* AFHTTPClient.m in Sources */,
				F7C6E4131621E26C003DE8B2 /* AFHTTPRequestOperation.m in Sources */,
				F7C6E4141621E26C003DE8B2 /* AFImageRequestOperation.m in Sources */,
				F7C6E4151621E26C003DE8B2 /* AFJSONRequestOperation.m in Sources */,
				F7C6E4161621E26C003DE8B2 /* AFNetworkActivityIndicatorManager.m in Sources */,
				F7C6E4171621E26C003DE8B2 /* AFPropertyListRequestOperation.m in Sources */,
				F7C6E4181621E26C003DE8B2 /* AFURLConnectionOperation.m in Sources */,
				F7C6E4191621E26C003DE8B2 /* AFXMLRequestOperation.m in Sources */,
				F7C6E41A1621E26C003DE8B2 /* UIImageView+AFNetworking.m in Sources */,
				F7C6E41B1621E26C003DE8B2 /* MBProgressHUD.m in Sources */,
				F7BDF726162274B800436A21 /* LoginViewController.m in Sources */,
				F7B928DA1623D03600944127 /* FeelingTableViewCell.m in Sources */,
				F7B928DE1623D1C100944127 /* Feeling.m in Sources */,
				F7B928FD16242E4500944127 /* ShowFeelingViewController.m in Sources */,
				F7AE121B1624764300D7EBB5 /* FeelingStatus.m in Sources */,
				F7AE12341624827D00D7EBB5 /* FeelingStatusViewController.m in Sources */,
				F79869C9162530E00032C0EB /* MyCommon.m in Sources */,
				F780165C1627AD6C00C27351 /* BPXLUUIDHandler.m in Sources */,
				F77CDA7E1627BDD4006A531C /* ContactGroupViewController.m in Sources */,
				F77CDA821627BF87006A531C /* ContactGroup.m in Sources */,
				F77CDA961627D5F6006A531C /* TouchFeelingViewController.m in Sources */,
				F77CDAA516280565006A531C /* SignUpViewController.m in Sources */,
				F7B2FA64162BA79D00900CD0 /* SoundEffectHelper.m in Sources */,
				F7B2FA6D162BC5E100900CD0 /* EGORefreshTableHeaderView.m in Sources */,
			);
			runOnlyForDeploymentPostprocessing = 0;
		};
/* End PBXSourcesBuildPhase section */

/* Begin PBXVariantGroup section */
		F707C43B161EC02C00F76C4B /* InfoPlist.strings */ = {
			isa = PBXVariantGroup;
			children = (
				F707C43C161EC02C00F76C4B /* en */,
				F79869C5162516E90032C0EB /* zh-Hant */,
				F7B9F9311625C93B0016CB08 /* zh-Hans */,
			);
			name = InfoPlist.strings;
			sourceTree = "<group>";
		};
		F78C642C162C16800072743C /* Localizable.strings */ = {
			isa = PBXVariantGroup;
			children = (
				F78C642B162C16800072743C /* en */,
				F78C642F162C17850072743C /* zh-Hant */,
			);
			name = Localizable.strings;
			sourceTree = "<group>";
		};
/* End PBXVariantGroup section */

/* Begin XCBuildConfiguration section */
		F707C44A161EC02C00F76C4B /* Debug */ = {
			isa = XCBuildConfiguration;
			buildSettings = {
				ALWAYS_SEARCH_USER_PATHS = NO;
				ARCHS = "$(ARCHS_STANDARD_32_BIT)";
				CLANG_CXX_LANGUAGE_STANDARD = "gnu++0x";
				CLANG_ENABLE_OBJC_ARC = YES;
				CLANG_WARN__DUPLICATE_METHOD_MATCH = YES;
				"CODE_SIGN_IDENTITY[sdk=iphoneos*]" = "iPhone Developer";
				COPY_PHASE_STRIP = NO;
				GCC_C_LANGUAGE_STANDARD = gnu99;
				GCC_DYNAMIC_NO_PIC = NO;
				GCC_OPTIMIZATION_LEVEL = 0;
				GCC_PREPROCESSOR_DEFINITIONS = (
					"DEBUG=1",
					"$(inherited)",
				);
				GCC_SYMBOLS_PRIVATE_EXTERN = NO;
				GCC_VERSION = com.apple.compilers.llvm.clang.1_0;
				GCC_WARN_ABOUT_RETURN_TYPE = YES;
				GCC_WARN_UNINITIALIZED_AUTOS = YES;
				GCC_WARN_UNUSED_VARIABLE = YES;
				IPHONEOS_DEPLOYMENT_TARGET = 5.1;
				SDKROOT = iphoneos;
			};
			name = Debug;
		};
		F707C44B161EC02C00F76C4B /* Release */ = {
			isa = XCBuildConfiguration;
			buildSettings = {
				ALWAYS_SEARCH_USER_PATHS = NO;
				ARCHS = "$(ARCHS_STANDARD_32_BIT)";
				CLANG_CXX_LANGUAGE_STANDARD = "gnu++0x";
				CLANG_ENABLE_OBJC_ARC = YES;
				CLANG_WARN__DUPLICATE_METHOD_MATCH = YES;
				"CODE_SIGN_IDENTITY[sdk=iphoneos*]" = "iPhone Developer";
				COPY_PHASE_STRIP = YES;
				GCC_C_LANGUAGE_STANDARD = gnu99;
				GCC_VERSION = com.apple.compilers.llvm.clang.1_0;
				GCC_WARN_ABOUT_RETURN_TYPE = YES;
				GCC_WARN_UNINITIALIZED_AUTOS = YES;
				GCC_WARN_UNUSED_VARIABLE = YES;
				IPHONEOS_DEPLOYMENT_TARGET = 5.1;
				OTHER_CFLAGS = "-DNS_BLOCK_ASSERTIONS=1";
				SDKROOT = iphoneos;
				VALIDATE_PRODUCT = YES;
			};
			name = Release;
		};
		F707C44D161EC02C00F76C4B /* Debug */ = {
			isa = XCBuildConfiguration;
			buildSettings = {
				GCC_PRECOMPILE_PREFIX_HEADER = YES;
				GCC_PREFIX_HEADER = "WhatsFeeling/WhatsFeeling-Prefix.pch";
				INFOPLIST_FILE = "WhatsFeeling/WhatsFeeling-Info.plist";
				IPHONEOS_DEPLOYMENT_TARGET = 5.0;
				PRODUCT_NAME = "$(TARGET_NAME)";
				SDKROOT = iphoneos5.1;
				WRAPPER_EXTENSION = app;
			};
			name = Debug;
		};
		F707C44E161EC02C00F76C4B /* Release */ = {
			isa = XCBuildConfiguration;
			buildSettings = {
				GCC_PRECOMPILE_PREFIX_HEADER = YES;
				GCC_PREFIX_HEADER = "WhatsFeeling/WhatsFeeling-Prefix.pch";
				INFOPLIST_FILE = "WhatsFeeling/WhatsFeeling-Info.plist";
				IPHONEOS_DEPLOYMENT_TARGET = 5.0;
				PRODUCT_NAME = "$(TARGET_NAME)";
				SDKROOT = iphoneos5.1;
				WRAPPER_EXTENSION = app;
			};
			name = Release;
		};
/* End XCBuildConfiguration section */

/* Begin XCConfigurationList section */
		F707C428161EC02C00F76C4B /* Build configuration list for PBXProject "WhatsFeeling" */ = {
			isa = XCConfigurationList;
			buildConfigurations = (
				F707C44A161EC02C00F76C4B /* Debug */,
				F707C44B161EC02C00F76C4B /* Release */,
			);
			defaultConfigurationIsVisible = 0;
			defaultConfigurationName = Release;
		};
		F707C44C161EC02C00F76C4B /* Build configuration list for PBXNativeTarget "WhatsFeeling" */ = {
			isa = XCConfigurationList;
			buildConfigurations = (
				F707C44D161EC02C00F76C4B /* Debug */,
				F707C44E161EC02C00F76C4B /* Release */,
			);
			defaultConfigurationIsVisible = 0;
			defaultConfigurationName = Release;
		};
/* End XCConfigurationList section */
	};
	rootObject = F707C425161EC02C00F76C4B /* Project object */;
}
